// !$*UTF8*$!
{
	archiveVersion = 1;
	classes = {
	};
	objectVersion = 77;
	objects = {

/* Begin PBXBuildFile section */
		02139F792FDDB560116446A0 /* DTOCodingTests.swift in Sources */ = {isa = PBXBuildFile; fileRef = E0E41E8B8987A34F463F179E /* DTOCodingTests.swift */; };
		0A242D10AE9E96BEA740A06F /* CalendarReducerFlowTests.swift in Sources */ = {isa = PBXBuildFile; fileRef = 38B17C3ED903B5AB391886A8 /* CalendarReducerFlowTests.swift */; };
		14E0C5D623A2DF5B1AA6661D /* RebalanceFeatureFlowTests.swift in Sources */ = {isa = PBXBuildFile; fileRef = 357B538A85034E5D169CE7E5 /* RebalanceFeatureFlowTests.swift */; };
		1C5875E57EFD2344E644682A /* ChatThreadSupportTests.swift in Sources */ = {isa = PBXBuildFile; fileRef = 8496DB15551B05B69F73EC25 /* ChatThreadSupportTests.swift */; };
		26304D4298197A70C1D77A00 /* AppConfigurationAndSettingsTests.swift in Sources */ = {isa = PBXBuildFile; fileRef = 6D801C926F7F25CBE3419F5C /* AppConfigurationAndSettingsTests.swift */; };
		2830722A875B572117C5C796 /* Fixture+Models.swift in Sources */ = {isa = PBXBuildFile; fileRef = 9B8928AC138727B3C1D8706E /* Fixture+Models.swift */; };
		2AA1BB2CC3DD4EE5FF607182 /* HomeProfileNavigationFeatureTests.swift in Sources */ = {isa = PBXBuildFile; fileRef = 2AA1BB2BC3DD4EE5FF607182 /* HomeProfileNavigationFeatureTests.swift */; };
		35F6112D5E23AE95ED51F044 /* ViewSmokeTests.swift in Sources */ = {isa = PBXBuildFile; fileRef = BDAAC1843FA31FDA2412098A /* ViewSmokeTests.swift */; };
		3D5497EF165CE2D06B226569 /* ReducerFlowTests.swift in Sources */ = {isa = PBXBuildFile; fileRef = AFDBAA088196E77FDF80B0B7 /* ReducerFlowTests.swift */; };
		4AEECB3DF3373B249D293D00 /* AchievementAndAuthStateTests.swift in Sources */ = {isa = PBXBuildFile; fileRef = C85E23FB3EA4E2F07A5EB86E /* AchievementAndAuthStateTests.swift */; };
		4F2A170A4036FF0A626DB756 /* HomeStateDerivedTests.swift in Sources */ = {isa = PBXBuildFile; fileRef = 86E4A7F2B58707492C035938 /* HomeStateDerivedTests.swift */; };
		5A3723526D314CD313C6B285 /* ChatThreadFeatureFlowTests.swift in Sources */ = {isa = PBXBuildFile; fileRef = AEC013A32E40E624DDEEA639 /* ChatThreadFeatureFlowTests.swift */; };
		5AE18B2147D1C346EEDCBBA3 /* AuthReducerFlowTests.swift in Sources */ = {isa = PBXBuildFile; fileRef = AEC5947CEC5312D618D5ADB0 /* AuthReducerFlowTests.swift */; };
		5CCAA11BB22CC33DD44EE55F /* ChatAttachmentPickerFeatureTests.swift in Sources */ = {isa = PBXBuildFile; fileRef = 5BB9911AA22BB33CC44DD55E /* ChatAttachmentPickerFeatureTests.swift */; };
		6C5FD8812A0B380E94635324 /* APIModelConverterTests.swift in Sources */ = {isa = PBXBuildFile; fileRef = 83B17B461954363F70BC1D60 /* APIModelConverterTests.swift */; };
		94C148F2ACE98BF8E47C760E /* SessionModelTests.swift in Sources */ = {isa = PBXBuildFile; fileRef = DAD8E211650C7B8784AFF255 /* SessionModelTests.swift */; };
		9881078085F354E1DF4C730D /* APIRequestAndErrorTests.swift in Sources */ = {isa = PBXBuildFile; fileRef = C0FDEFE30B2D4D0197297B68 /* APIRequestAndErrorTests.swift */; };
		A21F0011670D0F0B88AA1101 /* AuthInputAndSessionCoverageTests.swift in Sources */ = {isa = PBXBuildFile; fileRef = A21F0010670D0F0B88AA1101 /* AuthInputAndSessionCoverageTests.swift */; };
		A21F0021670D0F0B88AA1101 /* ChatSheetReducerAndPickerCoverageTests.swift in Sources */ = {isa = PBXBuildFile; fileRef = A21F0020670D0F0B88AA1101 /* ChatSheetReducerAndPickerCoverageTests.swift */; };
		A21F0031670D0F0B88AA1101 /* ProfileFeatureBranchCoverageTests.swift in Sources */ = {isa = PBXBuildFile; fileRef = A21F0030670D0F0B88AA1101 /* ProfileFeatureBranchCoverageTests.swift */; };
		A21F0071670D22288AA1101 /* ChatListFeatureBranchCoverageTests.swift in Sources */ = {isa = PBXBuildFile; fileRef = A21F0070670D22288AA1101 /* ChatListFeatureBranchCoverageTests.swift */; };
		A21F0081670D22288AA1101 /* RebalanceFeatureBranchCoverageTests.swift in Sources */ = {isa = PBXBuildFile; fileRef = A21F0080670D22288AA1101 /* RebalanceFeatureBranchCoverageTests.swift */; };
		A21F00A1670D35588AA1101 /* CalendarReducerBranchCoverageTests.swift in Sources */ = {isa = PBXBuildFile; fileRef = A21F00A0670D35588AA1101 /* CalendarReducerBranchCoverageTests.swift */; };
		A21F00B1670D35588AA1101 /* ChatThreadFeatureBranchCoverageTests.swift in Sources */ = {isa = PBXBuildFile; fileRef = A21F00B0670D35588AA1101 /* ChatThreadFeatureBranchCoverageTests.swift */; };
		A21F00D1670D4F188AA1101 /* CalendarReducerExtraCoverageTests.swift in Sources */ = {isa = PBXBuildFile; fileRef = A21F00D0670D4F188AA1101 /* CalendarReducerExtraCoverageTests.swift */; };
		A21F00E1670D4F188AA1101 /* ChatThreadFeatureReducerExtraCoverageTests.swift in Sources */ = {isa = PBXBuildFile; fileRef = A21F00E0670D4F188AA1101 /* ChatThreadFeatureReducerExtraCoverageTests.swift */; };
		A21F00F1670D6C588AA1101 /* HomeReducerBranchCoverageTests.swift in Sources */ = {isa = PBXBuildFile; fileRef = A21F00F0670D6C588AA1101 /* HomeReducerBranchCoverageTests.swift */; };
		A21F0111670D8D588AA1101 /* BatterySupportBranchCoverageTests.swift in Sources */ = {isa = PBXBuildFile; fileRef = A21F0110670D8D588AA1101 /* BatterySupportBranchCoverageTests.swift */; };
		A21F0121670D8D588AA1101 /* HomeReducerExtraBranchCoverageTests.swift in Sources */ = {isa = PBXBuildFile; fileRef = A21F0120670D8D588AA1101 /* HomeReducerExtraBranchCoverageTests.swift */; };
		A21F0131670D8D588AA1101 /* ChatThreadFeatureMismatchCoverageTests.swift in Sources */ = {isa = PBXBuildFile; fileRef = A21F0130670D8D588AA1101 /* ChatThreadFeatureMismatchCoverageTests.swift */; };
		A21F0141670D8D588AA1101 /* AuthSubmissionVerificationNoopCoverageTests.swift in Sources */ = {isa = PBXBuildFile; fileRef = A21F0140670D8D588AA1101 /* AuthSubmissionVerificationNoopCoverageTests.swift */; };
		A21F0161670DB6088AA1101 /* AppFeatureCoordinatorTests.swift in Sources */ = {isa = PBXBuildFile; fileRef = A21F0160670DB6088AA1101 /* AppFeatureCoordinatorTests.swift */; };
		A21F0181670E3E088AA1101 /* LocalizationCoverageTests.swift in Sources */ = {isa = PBXBuildFile; fileRef = A21F0180670E3E088AA1101 /* LocalizationCoverageTests.swift */; };
		A21F01A1670E5B488AA1101 /* AuthSessionDirectCoverageTests.swift in Sources */ = {isa = PBXBuildFile; fileRef = A21F01A0670E5B488AA1101 /* AuthSessionDirectCoverageTests.swift */; };
		A21F01B1670E5B488AA1101 /* CalendarStateExtraCoverageTests.swift in Sources */ = {isa = PBXBuildFile; fileRef = A21F01B0670E5B488AA1101 /* CalendarStateExtraCoverageTests.swift */; };
		A21F01C1670E5B488AA1101 /* RebalanceSupportExtraCoverageTests.swift in Sources */ = {isa = PBXBuildFile; fileRef = A21F01C0670E5B488AA1101 /* RebalanceSupportExtraCoverageTests.swift */; };
		A21F01D1670E86A88AA1101 /* AuthPasswordResetAndVerificationCoverageTests.swift in Sources */ = {isa = PBXBuildFile; fileRef = A21F01D0670E86A88AA1101 /* AuthPasswordResetAndVerificationCoverageTests.swift */; };
		A21F01E1670EAA688AA1101 /* HomeBatteryThresholdCoverageTests.swift in Sources */ = {isa = PBXBuildFile; fileRef = A21F01E0670EAA688AA1101 /* HomeBatteryThresholdCoverageTests.swift */; };
		A21F01F1670EAA688AA1101 /* AuthVerificationPasswordResetEdgeCoverageTests.swift in Sources */ = {isa = PBXBuildFile; fileRef = A21F01F0670EAA688AA1101 /* AuthVerificationPasswordResetEdgeCoverageTests.swift */; };
		A1E5D9F1670C4B1188AA1101 /* ExpandedCoverageTests.swift in Sources */ = {isa = PBXBuildFile; fileRef = A1E5D9F0670C4B1188AA1101 /* ExpandedCoverageTests.swift */; };
		A1397BEA7019C34BE0955B8B /* Foundation.framework in Frameworks */ = {isa = PBXBuildFile; fileRef = FC37BEFFDEDF3CD16D025A10 /* Foundation.framework */; };
		A18A7B03266B7E4896949A96 /* BranchCoverageTests.swift in Sources */ = {isa = PBXBuildFile; fileRef = 9CFDF72AA8F916A1D3F4D2CD /* BranchCoverageTests.swift */; };
		A1B2C3D4E5F6012345678903 /* SentinelUI in Frameworks */ = {isa = PBXBuildFile; productRef = A1B2C3D4E5F6012345678902 /* SentinelUI */; };
		A1B2C3D4E5F6012345678904 /* SentinelCore in Frameworks */ = {isa = PBXBuildFile; productRef = A1B2C3D4E5F6012345678905 /* SentinelCore */; };
		A1B2C3D4E5F6012345678906 /* SentinelPlatformiOS in Frameworks */ = {isa = PBXBuildFile; productRef = A1B2C3D4E5F6012345678907 /* SentinelPlatformiOS */; };
		BB377EB5836884F835CE5AB9 /* ComposableArchitecture in Frameworks */ = {isa = PBXBuildFile; productRef = A48611AB79F1B048159E4359 /* ComposableArchitecture */; };
		CA05BA5C3E76D3ED2B5D1C15 /* ChatDomainModelTests.swift in Sources */ = {isa = PBXBuildFile; fileRef = 6BCAB68FE02BC621F2344D96 /* ChatDomainModelTests.swift */; };
		CB12729BFC55F56AFD0AA0B0 /* Fixture+Core.swift in Sources */ = {isa = PBXBuildFile; fileRef = C43856AF6924CD847555EA53 /* Fixture+Core.swift */; };
		DB63CEBF5B03A3A842477AD6 /* DefaultPromptEnvelopeTests.swift in Sources */ = {isa = PBXBuildFile; fileRef = DB8D1B41F579E6C6042ED7E0 /* DefaultPromptEnvelopeTests.swift */; };
		E51438AAA7D40D2A218AA077 /* CalendarStateDerivedTests.swift in Sources */ = {isa = PBXBuildFile; fileRef = 59A2B03214F4F48C30C00CC0 /* CalendarStateDerivedTests.swift */; };
		F4C33E54EF386B7C64F13107 /* AdditionalPureCoverageTests.swift in Sources */ = {isa = PBXBuildFile; fileRef = 7C9B1D4CDDF2276A24032742 /* AdditionalPureCoverageTests.swift */; };
/* End PBXBuildFile section */

/* Begin PBXContainerItemProxy section */
		0E891589CB146DD242137EBD /* PBXContainerItemProxy */ = {
			isa = PBXContainerItemProxy;
			containerPortal = E8C5373A2F6E9DBA001637AB /* Project object */;
			proxyType = 1;
			remoteGlobalIDString = E8C537412F6E9DBA001637AB;
			remoteInfo = Sentinel;
		};
/* End PBXContainerItemProxy section */

/* Begin PBXFileReference section */
		2AA1BB2BC3DD4EE5FF607182 /* HomeProfileNavigationFeatureTests.swift */ = {isa = PBXFileReference; includeInIndex = 1; lastKnownFileType = sourcecode.swift; path = HomeProfileNavigationFeatureTests.swift; sourceTree = "<group>"; };
		357B538A85034E5D169CE7E5 /* RebalanceFeatureFlowTests.swift */ = {isa = PBXFileReference; includeInIndex = 1; lastKnownFileType = sourcecode.swift; path = RebalanceFeatureFlowTests.swift; sourceTree = "<group>"; };
		38B17C3ED903B5AB391886A8 /* CalendarReducerFlowTests.swift */ = {isa = PBXFileReference; includeInIndex = 1; lastKnownFileType = sourcecode.swift; path = CalendarReducerFlowTests.swift; sourceTree = "<group>"; };
		592CF99BECEBB4D6BA203257 /* SentinelTests.xctest */ = {isa = PBXFileReference; explicitFileType = wrapper.cfbundle; includeInIndex = 0; path = SentinelTests.xctest; sourceTree = BUILT_PRODUCTS_DIR; };
		59A2B03214F4F48C30C00CC0 /* CalendarStateDerivedTests.swift */ = {isa = PBXFileReference; includeInIndex = 1; lastKnownFileType = sourcecode.swift; path = CalendarStateDerivedTests.swift; sourceTree = "<group>"; };
		5BB9911AA22BB33CC44DD55E /* ChatAttachmentPickerFeatureTests.swift */ = {isa = PBXFileReference; includeInIndex = 1; lastKnownFileType = sourcecode.swift; path = ChatAttachmentPickerFeatureTests.swift; sourceTree = "<group>"; };
		6BCAB68FE02BC621F2344D96 /* ChatDomainModelTests.swift */ = {isa = PBXFileReference; includeInIndex = 1; lastKnownFileType = sourcecode.swift; path = ChatDomainModelTests.swift; sourceTree = "<group>"; };
		6D801C926F7F25CBE3419F5C /* AppConfigurationAndSettingsTests.swift */ = {isa = PBXFileReference; includeInIndex = 1; lastKnownFileType = sourcecode.swift; path = AppConfigurationAndSettingsTests.swift; sourceTree = "<group>"; };
		7C9B1D4CDDF2276A24032742 /* AdditionalPureCoverageTests.swift */ = {isa = PBXFileReference; includeInIndex = 1; lastKnownFileType = sourcecode.swift; path = AdditionalPureCoverageTests.swift; sourceTree = "<group>"; };
		83B17B461954363F70BC1D60 /* APIModelConverterTests.swift */ = {isa = PBXFileReference; includeInIndex = 1; lastKnownFileType = sourcecode.swift; path = APIModelConverterTests.swift; sourceTree = "<group>"; };
		8496DB15551B05B69F73EC25 /* ChatThreadSupportTests.swift */ = {isa = PBXFileReference; includeInIndex = 1; lastKnownFileType = sourcecode.swift; path = ChatThreadSupportTests.swift; sourceTree = "<group>"; };
		86E4A7F2B58707492C035938 /* HomeStateDerivedTests.swift */ = {isa = PBXFileReference; includeInIndex = 1; lastKnownFileType = sourcecode.swift; path = HomeStateDerivedTests.swift; sourceTree = "<group>"; };
		A21F0010670D0F0B88AA1101 /* AuthInputAndSessionCoverageTests.swift */ = {isa = PBXFileReference; includeInIndex = 1; lastKnownFileType = sourcecode.swift; path = AuthInputAndSessionCoverageTests.swift; sourceTree = "<group>"; };
		A21F0020670D0F0B88AA1101 /* ChatSheetReducerAndPickerCoverageTests.swift */ = {isa = PBXFileReference; includeInIndex = 1; lastKnownFileType = sourcecode.swift; path = ChatSheetReducerAndPickerCoverageTests.swift; sourceTree = "<group>"; };
		A21F0030670D0F0B88AA1101 /* ProfileFeatureBranchCoverageTests.swift */ = {isa = PBXFileReference; includeInIndex = 1; lastKnownFileType = sourcecode.swift; path = ProfileFeatureBranchCoverageTests.swift; sourceTree = "<group>"; };
		A21F0070670D22288AA1101 /* ChatListFeatureBranchCoverageTests.swift */ = {isa = PBXFileReference; includeInIndex = 1; lastKnownFileType = sourcecode.swift; path = ChatListFeatureBranchCoverageTests.swift; sourceTree = "<group>"; };
		A21F0080670D22288AA1101 /* RebalanceFeatureBranchCoverageTests.swift */ = {isa = PBXFileReference; includeInIndex = 1; lastKnownFileType = sourcecode.swift; path = RebalanceFeatureBranchCoverageTests.swift; sourceTree = "<group>"; };
		A21F00A0670D35588AA1101 /* CalendarReducerBranchCoverageTests.swift */ = {isa = PBXFileReference; includeInIndex = 1; lastKnownFileType = sourcecode.swift; path = CalendarReducerBranchCoverageTests.swift; sourceTree = "<group>"; };
		A21F00B0670D35588AA1101 /* ChatThreadFeatureBranchCoverageTests.swift */ = {isa = PBXFileReference; includeInIndex = 1; lastKnownFileType = sourcecode.swift; path = ChatThreadFeatureBranchCoverageTests.swift; sourceTree = "<group>"; };
		A21F00D0670D4F188AA1101 /* CalendarReducerExtraCoverageTests.swift */ = {isa = PBXFileReference; includeInIndex = 1; lastKnownFileType = sourcecode.swift; path = CalendarReducerExtraCoverageTests.swift; sourceTree = "<group>"; };
		A21F00E0670D4F188AA1101 /* ChatThreadFeatureReducerExtraCoverageTests.swift */ = {isa = PBXFileReference; includeInIndex = 1; lastKnownFileType = sourcecode.swift; path = ChatThreadFeatureReducerExtraCoverageTests.swift; sourceTree = "<group>"; };
		A21F00F0670D6C588AA1101 /* HomeReducerBranchCoverageTests.swift */ = {isa = PBXFileReference; includeInIndex = 1; lastKnownFileType = sourcecode.swift; path = HomeReducerBranchCoverageTests.swift; sourceTree = "<group>"; };
		A21F0110670D8D588AA1101 /* BatterySupportBranchCoverageTests.swift */ = {isa = PBXFileReference; includeInIndex = 1; lastKnownFileType = sourcecode.swift; path = BatterySupportBranchCoverageTests.swift; sourceTree = "<group>"; };
		A21F0120670D8D588AA1101 /* HomeReducerExtraBranchCoverageTests.swift */ = {isa = PBXFileReference; includeInIndex = 1; lastKnownFileType = sourcecode.swift; path = HomeReducerExtraBranchCoverageTests.swift; sourceTree = "<group>"; };
		A21F0130670D8D588AA1101 /* ChatThreadFeatureMismatchCoverageTests.swift */ = {isa = PBXFileReference; includeInIndex = 1; lastKnownFileType = sourcecode.swift; path = ChatThreadFeatureMismatchCoverageTests.swift; sourceTree = "<group>"; };
		A21F0140670D8D588AA1101 /* AuthSubmissionVerificationNoopCoverageTests.swift */ = {isa = PBXFileReference; includeInIndex = 1; lastKnownFileType = sourcecode.swift; path = AuthSubmissionVerificationNoopCoverageTests.swift; sourceTree = "<group>"; };
		A21F0160670DB6088AA1101 /* AppFeatureCoordinatorTests.swift */ = {isa = PBXFileReference; includeInIndex = 1; lastKnownFileType = sourcecode.swift; path = AppFeatureCoordinatorTests.swift; sourceTree = "<group>"; };
		A21F0180670E3E088AA1101 /* LocalizationCoverageTests.swift */ = {isa = PBXFileReference; includeInIndex = 1; lastKnownFileType = sourcecode.swift; path = LocalizationCoverageTests.swift; sourceTree = "<group>"; };
		A21F01A0670E5B488AA1101 /* AuthSessionDirectCoverageTests.swift */ = {isa = PBXFileReference; includeInIndex = 1; lastKnownFileType = sourcecode.swift; path = AuthSessionDirectCoverageTests.swift; sourceTree = "<group>"; };
		A21F01B0670E5B488AA1101 /* CalendarStateExtraCoverageTests.swift */ = {isa = PBXFileReference; includeInIndex = 1; lastKnownFileType = sourcecode.swift; path = CalendarStateExtraCoverageTests.swift; sourceTree = "<group>"; };
		A21F01C0670E5B488AA1101 /* RebalanceSupportExtraCoverageTests.swift */ = {isa = PBXFileReference; includeInIndex = 1; lastKnownFileType = sourcecode.swift; path = RebalanceSupportExtraCoverageTests.swift; sourceTree = "<group>"; };
		A21F01D0670E86A88AA1101 /* AuthPasswordResetAndVerificationCoverageTests.swift */ = {isa = PBXFileReference; includeInIndex = 1; lastKnownFileType = sourcecode.swift; path = AuthPasswordResetAndVerificationCoverageTests.swift; sourceTree = "<group>"; };
		A21F01E0670EAA688AA1101 /* HomeBatteryThresholdCoverageTests.swift */ = {isa = PBXFileReference; includeInIndex = 1; lastKnownFileType = sourcecode.swift; path = HomeBatteryThresholdCoverageTests.swift; sourceTree = "<group>"; };
		A21F01F0670EAA688AA1101 /* AuthVerificationPasswordResetEdgeCoverageTests.swift */ = {isa = PBXFileReference; includeInIndex = 1; lastKnownFileType = sourcecode.swift; path = AuthVerificationPasswordResetEdgeCoverageTests.swift; sourceTree = "<group>"; };
		A1E5D9F0670C4B1188AA1101 /* ExpandedCoverageTests.swift */ = {isa = PBXFileReference; includeInIndex = 1; lastKnownFileType = sourcecode.swift; path = ExpandedCoverageTests.swift; sourceTree = "<group>"; };
		9B8928AC138727B3C1D8706E /* Fixture+Models.swift */ = {isa = PBXFileReference; includeInIndex = 1; lastKnownFileType = sourcecode.swift; path = "Fixture+Models.swift"; sourceTree = "<group>"; };
		9CFDF72AA8F916A1D3F4D2CD /* BranchCoverageTests.swift */ = {isa = PBXFileReference; includeInIndex = 1; lastKnownFileType = sourcecode.swift; path = BranchCoverageTests.swift; sourceTree = "<group>"; };
		AEC013A32E40E624DDEEA639 /* ChatThreadFeatureFlowTests.swift */ = {isa = PBXFileReference; includeInIndex = 1; lastKnownFileType = sourcecode.swift; path = ChatThreadFeatureFlowTests.swift; sourceTree = "<group>"; };
		AEC5947CEC5312D618D5ADB0 /* AuthReducerFlowTests.swift */ = {isa = PBXFileReference; includeInIndex = 1; lastKnownFileType = sourcecode.swift; path = AuthReducerFlowTests.swift; sourceTree = "<group>"; };
		AFDBAA088196E77FDF80B0B7 /* ReducerFlowTests.swift */ = {isa = PBXFileReference; includeInIndex = 1; lastKnownFileType = sourcecode.swift; path = ReducerFlowTests.swift; sourceTree = "<group>"; };
		BDAAC1843FA31FDA2412098A /* ViewSmokeTests.swift */ = {isa = PBXFileReference; includeInIndex = 1; lastKnownFileType = sourcecode.swift; path = ViewSmokeTests.swift; sourceTree = "<group>"; };
		C0FDEFE30B2D4D0197297B68 /* APIRequestAndErrorTests.swift */ = {isa = PBXFileReference; includeInIndex = 1; lastKnownFileType = sourcecode.swift; path = APIRequestAndErrorTests.swift; sourceTree = "<group>"; };
		C43856AF6924CD847555EA53 /* Fixture+Core.swift */ = {isa = PBXFileReference; includeInIndex = 1; lastKnownFileType = sourcecode.swift; path = "Fixture+Core.swift"; sourceTree = "<group>"; };
		C85E23FB3EA4E2F07A5EB86E /* AchievementAndAuthStateTests.swift */ = {isa = PBXFileReference; includeInIndex = 1; lastKnownFileType = sourcecode.swift; path = AchievementAndAuthStateTests.swift; sourceTree = "<group>"; };
		DAD8E211650C7B8784AFF255 /* SessionModelTests.swift */ = {isa = PBXFileReference; includeInIndex = 1; lastKnownFileType = sourcecode.swift; path = SessionModelTests.swift; sourceTree = "<group>"; };
		DB8D1B41F579E6C6042ED7E0 /* DefaultPromptEnvelopeTests.swift */ = {isa = PBXFileReference; includeInIndex = 1; lastKnownFileType = sourcecode.swift; path = DefaultPromptEnvelopeTests.swift; sourceTree = "<group>"; };
		E0E41E8B8987A34F463F179E /* DTOCodingTests.swift */ = {isa = PBXFileReference; includeInIndex = 1; lastKnownFileType = sourcecode.swift; path = DTOCodingTests.swift; sourceTree = "<group>"; };
		E8C537422F6E9DBA001637AB /* Sentinel.app */ = {isa = PBXFileReference; explicitFileType = wrapper.application; includeInIndex = 0; path = Sentinel.app; sourceTree = BUILT_PRODUCTS_DIR; };
		FC37BEFFDEDF3CD16D025A10 /* Foundation.framework */ = {isa = PBXFileReference; lastKnownFileType = wrapper.framework; name = Foundation.framework; path = Platforms/iPhoneOS.platform/Developer/SDKs/iPhoneOS18.0.sdk/System/Library/Frameworks/Foundation.framework; sourceTree = DEVELOPER_DIR; };
/* End PBXFileReference section */

/* Begin PBXFileSystemSynchronizedRootGroup section */
		A1B2C3D4E5F6012345678910 /* Packages */ = {
			isa = PBXFileSystemSynchronizedRootGroup;
			path = Packages;
			sourceTree = "<group>";
		};
		E8C537442F6E9DBA001637AB /* Sentinel */ = {
			isa = PBXFileSystemSynchronizedRootGroup;
			path = Sentinel;
			sourceTree = "<group>";
		};
/* End PBXFileSystemSynchronizedRootGroup section */

/* Begin PBXFrameworksBuildPhase section */
		A6F0B390535B44C8D3CBE97B /* Frameworks */ = {
			isa = PBXFrameworksBuildPhase;
			buildActionMask = 2147483647;
			files = (
				A1397BEA7019C34BE0955B8B /* Foundation.framework in Frameworks */,
			);
			runOnlyForDeploymentPostprocessing = 0;
		};
		E8C5373F2F6E9DBA001637AB /* Frameworks */ = {
			isa = PBXFrameworksBuildPhase;
			buildActionMask = 2147483647;
			files = (
				BB377EB5836884F835CE5AB9 /* ComposableArchitecture in Frameworks */,
				A1B2C3D4E5F6012345678904 /* SentinelCore in Frameworks */,
				A1B2C3D4E5F6012345678906 /* SentinelPlatformiOS in Frameworks */,
				A1B2C3D4E5F6012345678903 /* SentinelUI in Frameworks */,
			);
			runOnlyForDeploymentPostprocessing = 0;
		};
/* End PBXFrameworksBuildPhase section */

/* Begin PBXGroup section */
		5A1CBCBBB7E319688270C682 /* Support */ = {
			isa = PBXGroup;
			children = (
				C43856AF6924CD847555EA53 /* Fixture+Core.swift */,
				9B8928AC138727B3C1D8706E /* Fixture+Models.swift */,
			);
			path = Support;
			sourceTree = "<group>";
		};
		A21F0190670E3E088AA1101 /* Shared */ = {
			isa = PBXGroup;
			children = (
				A21F0180670E3E088AA1101 /* LocalizationCoverageTests.swift */,
			);
			path = Shared;
			sourceTree = "<group>";
		};
		A21F0040670D0F0B88AA1101 /* Auth */ = {
			isa = PBXGroup;
			children = (
				A21F0010670D0F0B88AA1101 /* AuthInputAndSessionCoverageTests.swift */,
				A21F01D0670E86A88AA1101 /* AuthPasswordResetAndVerificationCoverageTests.swift */,
				A21F01A0670E5B488AA1101 /* AuthSessionDirectCoverageTests.swift */,
				A21F01F0670EAA688AA1101 /* AuthVerificationPasswordResetEdgeCoverageTests.swift */,
				A21F0140670D8D588AA1101 /* AuthSubmissionVerificationNoopCoverageTests.swift */,
			);
			path = Auth;
			sourceTree = "<group>";
		};
		A21F0050670D0F0B88AA1101 /* ChatSheet */ = {
			isa = PBXGroup;
			children = (
				A21F0070670D22288AA1101 /* ChatListFeatureBranchCoverageTests.swift */,
				A21F00B0670D35588AA1101 /* ChatThreadFeatureBranchCoverageTests.swift */,
				A21F0130670D8D588AA1101 /* ChatThreadFeatureMismatchCoverageTests.swift */,
				A21F00E0670D4F188AA1101 /* ChatThreadFeatureReducerExtraCoverageTests.swift */,
				A21F0020670D0F0B88AA1101 /* ChatSheetReducerAndPickerCoverageTests.swift */,
			);
			path = ChatSheet;
			sourceTree = "<group>";
		};
		A21F0060670D0F0B88AA1101 /* Profile */ = {
			isa = PBXGroup;
			children = (
				A21F0030670D0F0B88AA1101 /* ProfileFeatureBranchCoverageTests.swift */,
			);
			path = Profile;
			sourceTree = "<group>";
		};
		A21F0090670D22288AA1101 /* Rebalance */ = {
			isa = PBXGroup;
			children = (
				A21F0080670D22288AA1101 /* RebalanceFeatureBranchCoverageTests.swift */,
				A21F01C0670E5B488AA1101 /* RebalanceSupportExtraCoverageTests.swift */,
			);
			path = Rebalance;
			sourceTree = "<group>";
		};
		A21F00C0670D35588AA1101 /* Calendar */ = {
			isa = PBXGroup;
			children = (
				A21F00A0670D35588AA1101 /* CalendarReducerBranchCoverageTests.swift */,
				A21F00D0670D4F188AA1101 /* CalendarReducerExtraCoverageTests.swift */,
				A21F01B0670E5B488AA1101 /* CalendarStateExtraCoverageTests.swift */,
			);
			path = Calendar;
			sourceTree = "<group>";
		};
		A21F0100670D6C588AA1101 /* Home */ = {
			isa = PBXGroup;
			children = (
				A21F01E0670EAA688AA1101 /* HomeBatteryThresholdCoverageTests.swift */,
				A21F00F0670D6C588AA1101 /* HomeReducerBranchCoverageTests.swift */,
				A21F0120670D8D588AA1101 /* HomeReducerExtraBranchCoverageTests.swift */,
			);
			path = Home;
			sourceTree = "<group>";
		};
		A21F0150670D8D588AA1101 /* Clients */ = {
			isa = PBXGroup;
			children = (
				A21F0110670D8D588AA1101 /* BatterySupportBranchCoverageTests.swift */,
			);
			path = Clients;
			sourceTree = "<group>";
		};
		A21F0170670DB6088AA1101 /* App */ = {
			isa = PBXGroup;
			children = (
				A21F0160670DB6088AA1101 /* AppFeatureCoordinatorTests.swift */,
			);
			path = App;
			sourceTree = "<group>";
		};
		A878770171B5B85D8E8E9559 /* SentinelTests */ = {
			isa = PBXGroup;
			children = (
				A21F0170670DB6088AA1101 /* App */,
				A21F0040670D0F0B88AA1101 /* Auth */,
				A21F00C0670D35588AA1101 /* Calendar */,
				A21F0050670D0F0B88AA1101 /* ChatSheet */,
				A21F0150670D8D588AA1101 /* Clients */,
				A21F0100670D6C588AA1101 /* Home */,
				A21F0060670D0F0B88AA1101 /* Profile */,
				A21F0090670D22288AA1101 /* Rebalance */,
				A21F0190670E3E088AA1101 /* Shared */,
				5A1CBCBBB7E319688270C682 /* Support */,
				83B17B461954363F70BC1D60 /* APIModelConverterTests.swift */,
				C0FDEFE30B2D4D0197297B68 /* APIRequestAndErrorTests.swift */,
				C85E23FB3EA4E2F07A5EB86E /* AchievementAndAuthStateTests.swift */,
				6D801C926F7F25CBE3419F5C /* AppConfigurationAndSettingsTests.swift */,
				6BCAB68FE02BC621F2344D96 /* ChatDomainModelTests.swift */,
				E0E41E8B8987A34F463F179E /* DTOCodingTests.swift */,
				DAD8E211650C7B8784AFF255 /* SessionModelTests.swift */,
				59A2B03214F4F48C30C00CC0 /* CalendarStateDerivedTests.swift */,
				8496DB15551B05B69F73EC25 /* ChatThreadSupportTests.swift */,
				DB8D1B41F579E6C6042ED7E0 /* DefaultPromptEnvelopeTests.swift */,
				A1E5D9F0670C4B1188AA1101 /* ExpandedCoverageTests.swift */,
				86E4A7F2B58707492C035938 /* HomeStateDerivedTests.swift */,
				AFDBAA088196E77FDF80B0B7 /* ReducerFlowTests.swift */,
				7C9B1D4CDDF2276A24032742 /* AdditionalPureCoverageTests.swift */,
				38B17C3ED903B5AB391886A8 /* CalendarReducerFlowTests.swift */,
				5BB9911AA22BB33CC44DD55E /* ChatAttachmentPickerFeatureTests.swift */,
				2AA1BB2BC3DD4EE5FF607182 /* HomeProfileNavigationFeatureTests.swift */,
				BDAAC1843FA31FDA2412098A /* ViewSmokeTests.swift */,
				9CFDF72AA8F916A1D3F4D2CD /* BranchCoverageTests.swift */,
				AEC5947CEC5312D618D5ADB0 /* AuthReducerFlowTests.swift */,
				357B538A85034E5D169CE7E5 /* RebalanceFeatureFlowTests.swift */,
				AEC013A32E40E624DDEEA639 /* ChatThreadFeatureFlowTests.swift */,
			);
			path = SentinelTests;
			sourceTree = "<group>";
		};
		B540A558BC168F1838A8FF09 /* Frameworks */ = {
			isa = PBXGroup;
			children = (
				F6208AD0BF0358E1AD28779B /* iOS */,
			);
			name = Frameworks;
			sourceTree = "<group>";
		};
		E8C537392F6E9DBA001637AB = {
			isa = PBXGroup;
			children = (
				E8C537442F6E9DBA001637AB /* Sentinel */,
				A1B2C3D4E5F6012345678910 /* Packages */,
				E8C537432F6E9DBA001637AB /* Products */,
				B540A558BC168F1838A8FF09 /* Frameworks */,
				A878770171B5B85D8E8E9559 /* SentinelTests */,
			);
			sourceTree = "<group>";
		};
		E8C537432F6E9DBA001637AB /* Products */ = {
			isa = PBXGroup;
			children = (
				E8C537422F6E9DBA001637AB /* Sentinel.app */,
				592CF99BECEBB4D6BA203257 /* SentinelTests.xctest */,
			);
			name = Products;
			sourceTree = "<group>";
		};
		F6208AD0BF0358E1AD28779B /* iOS */ = {
			isa = PBXGroup;
			children = (
				FC37BEFFDEDF3CD16D025A10 /* Foundation.framework */,
			);
			name = iOS;
			sourceTree = "<group>";
		};
/* End PBXGroup section */

/* Begin PBXNativeTarget section */
		9D68C50643B648A05858CDD0 /* SentinelTests */ = {
			isa = PBXNativeTarget;
			buildConfigurationList = 2C9966C68AAF707D60A4760A /* Build configuration list for PBXNativeTarget "SentinelTests" */;
			buildPhases = (
				E3030977BBAC590285227FCA /* Sources */,
				A6F0B390535B44C8D3CBE97B /* Frameworks */,
				FA38E7EBD6EE36658862A266 /* Resources */,
			);
			buildRules = (
			);
			dependencies = (
				72356C248BD48E02A7EFB69C /* PBXTargetDependency */,
			);
			name = SentinelTests;
			productName = SentinelTests;
			productReference = 592CF99BECEBB4D6BA203257 /* SentinelTests.xctest */;
			productType = "com.apple.product-type.bundle.unit-test";
		};
		E8C537412F6E9DBA001637AB /* Sentinel */ = {
			isa = PBXNativeTarget;
			buildConfigurationList = E8C5374D2F6E9DBB001637AB /* Build configuration list for PBXNativeTarget "Sentinel" */;
			buildPhases = (
				E8C5373E2F6E9DBA001637AB /* Sources */,
				E8C5373F2F6E9DBA001637AB /* Frameworks */,
				E8C537402F6E9DBA001637AB /* Resources */,
			);
			buildRules = (
			);
			dependencies = (
			);
			fileSystemSynchronizedGroups = (
				E8C537442F6E9DBA001637AB /* Sentinel */,
			);
			name = Sentinel;
			packageProductDependencies = (
				A48611AB79F1B048159E4359 /* ComposableArchitecture */,
				A1B2C3D4E5F6012345678905 /* SentinelCore */,
				A1B2C3D4E5F6012345678907 /* SentinelPlatformiOS */,
				A1B2C3D4E5F6012345678902 /* SentinelUI */,
			);
			productName = Sentinel;
			productReference = E8C537422F6E9DBA001637AB /* Sentinel.app */;
			productType = "com.apple.product-type.application";
		};
/* End PBXNativeTarget section */

/* Begin PBXProject section */
		E8C5373A2F6E9DBA001637AB /* Project object */ = {
			isa = PBXProject;
			attributes = {
				BuildIndependentTargetsInParallel = 1;
				LastSwiftUpdateCheck = 2630;
				LastUpgradeCheck = 2630;
				TargetAttributes = {
					E8C537412F6E9DBA001637AB = {
						CreatedOnToolsVersion = 26.3;
					};
				};
			};
			buildConfigurationList = E8C5373D2F6E9DBA001637AB /* Build configuration list for PBXProject "Sentinel" */;
			developmentRegion = en;
			hasScannedForEncodings = 0;
			knownRegions = (
				en,
				Base,
				ru,
			);
			mainGroup = E8C537392F6E9DBA001637AB;
			minimizedProjectReferenceProxies = 1;
			packageReferences = (
				12A315C09E82B7EFA3401C0B /* XCRemoteSwiftPackageReference "swift-composable-architecture" */,
				A1B2C3D4E5F6012345678901 /* XCLocalSwiftPackageReference "Packages" */,
			);
			preferredProjectObjectVersion = 77;
			productRefGroup = E8C537432F6E9DBA001637AB /* Products */;
			projectDirPath = "";
			projectRoot = "";
			targets = (
				E8C537412F6E9DBA001637AB /* Sentinel */,
				9D68C50643B648A05858CDD0 /* SentinelTests */,
			);
		};
/* End PBXProject section */

/* Begin PBXResourcesBuildPhase section */
		E8C537402F6E9DBA001637AB /* Resources */ = {
			isa = PBXResourcesBuildPhase;
			buildActionMask = 2147483647;
			files = (
			);
			runOnlyForDeploymentPostprocessing = 0;
		};
		FA38E7EBD6EE36658862A266 /* Resources */ = {
			isa = PBXResourcesBuildPhase;
			buildActionMask = 2147483647;
			files = (
			);
			runOnlyForDeploymentPostprocessing = 0;
		};
/* End PBXResourcesBuildPhase section */

/* Begin PBXSourcesBuildPhase section */
		E3030977BBAC590285227FCA /* Sources */ = {
			isa = PBXSourcesBuildPhase;
			buildActionMask = 2147483647;
			files = (
				6C5FD8812A0B380E94635324 /* APIModelConverterTests.swift in Sources */,
				9881078085F354E1DF4C730D /* APIRequestAndErrorTests.swift in Sources */,
				4AEECB3DF3373B249D293D00 /* AchievementAndAuthStateTests.swift in Sources */,
				A21F0161670DB6088AA1101 /* AppFeatureCoordinatorTests.swift in Sources */,
				26304D4298197A70C1D77A00 /* AppConfigurationAndSettingsTests.swift in Sources */,
				A21F0011670D0F0B88AA1101 /* AuthInputAndSessionCoverageTests.swift in Sources */,
				A21F01D1670E86A88AA1101 /* AuthPasswordResetAndVerificationCoverageTests.swift in Sources */,
				A21F01A1670E5B488AA1101 /* AuthSessionDirectCoverageTests.swift in Sources */,
				A21F01F1670EAA688AA1101 /* AuthVerificationPasswordResetEdgeCoverageTests.swift in Sources */,
				A21F0141670D8D588AA1101 /* AuthSubmissionVerificationNoopCoverageTests.swift in Sources */,
				A21F0111670D8D588AA1101 /* BatterySupportBranchCoverageTests.swift in Sources */,
				A21F00A1670D35588AA1101 /* CalendarReducerBranchCoverageTests.swift in Sources */,
				A21F00D1670D4F188AA1101 /* CalendarReducerExtraCoverageTests.swift in Sources */,
				A21F01B1670E5B488AA1101 /* CalendarStateExtraCoverageTests.swift in Sources */,
				CA05BA5C3E76D3ED2B5D1C15 /* ChatDomainModelTests.swift in Sources */,
				A21F0071670D22288AA1101 /* ChatListFeatureBranchCoverageTests.swift in Sources */,
				A21F00B1670D35588AA1101 /* ChatThreadFeatureBranchCoverageTests.swift in Sources */,
				A21F0131670D8D588AA1101 /* ChatThreadFeatureMismatchCoverageTests.swift in Sources */,
				A21F00E1670D4F188AA1101 /* ChatThreadFeatureReducerExtraCoverageTests.swift in Sources */,
				A21F0021670D0F0B88AA1101 /* ChatSheetReducerAndPickerCoverageTests.swift in Sources */,
				02139F792FDDB560116446A0 /* DTOCodingTests.swift in Sources */,
				A21F01E1670EAA688AA1101 /* HomeBatteryThresholdCoverageTests.swift in Sources */,
				A21F00F1670D6C588AA1101 /* HomeReducerBranchCoverageTests.swift in Sources */,
				A21F0121670D8D588AA1101 /* HomeReducerExtraBranchCoverageTests.swift in Sources */,
				A21F0031670D0F0B88AA1101 /* ProfileFeatureBranchCoverageTests.swift in Sources */,
				A21F0081670D22288AA1101 /* RebalanceFeatureBranchCoverageTests.swift in Sources */,
				A21F01C1670E5B488AA1101 /* RebalanceSupportExtraCoverageTests.swift in Sources */,
				A21F0181670E3E088AA1101 /* LocalizationCoverageTests.swift in Sources */,
				94C148F2ACE98BF8E47C760E /* SessionModelTests.swift in Sources */,
				CB12729BFC55F56AFD0AA0B0 /* Fixture+Core.swift in Sources */,
				2830722A875B572117C5C796 /* Fixture+Models.swift in Sources */,
				E51438AAA7D40D2A218AA077 /* CalendarStateDerivedTests.swift in Sources */,
				1C5875E57EFD2344E644682A /* ChatThreadSupportTests.swift in Sources */,
				DB63CEBF5B03A3A842477AD6 /* DefaultPromptEnvelopeTests.swift in Sources */,
				A1E5D9F1670C4B1188AA1101 /* ExpandedCoverageTests.swift in Sources */,
				4F2A170A4036FF0A626DB756 /* HomeStateDerivedTests.swift in Sources */,
				3D5497EF165CE2D06B226569 /* ReducerFlowTests.swift in Sources */,
				F4C33E54EF386B7C64F13107 /* AdditionalPureCoverageTests.swift in Sources */,
				0A242D10AE9E96BEA740A06F /* CalendarReducerFlowTests.swift in Sources */,
				5CCAA11BB22CC33DD44EE55F /* ChatAttachmentPickerFeatureTests.swift in Sources */,
				2AA1BB2CC3DD4EE5FF607182 /* HomeProfileNavigationFeatureTests.swift in Sources */,
				35F6112D5E23AE95ED51F044 /* ViewSmokeTests.swift in Sources */,
				A18A7B03266B7E4896949A96 /* BranchCoverageTests.swift in Sources */,
				5AE18B2147D1C346EEDCBBA3 /* AuthReducerFlowTests.swift in Sources */,
				14E0C5D623A2DF5B1AA6661D /* RebalanceFeatureFlowTests.swift in Sources */,
				5A3723526D314CD313C6B285 /* ChatThreadFeatureFlowTests.swift in Sources */,
			);
			runOnlyForDeploymentPostprocessing = 0;
		};
		E8C5373E2F6E9DBA001637AB /* Sources */ = {
			isa = PBXSourcesBuildPhase;
			buildActionMask = 2147483647;
			files = (
			);
			runOnlyForDeploymentPostprocessing = 0;
		};
/* End PBXSourcesBuildPhase section */

/* Begin PBXTargetDependency section */
		72356C248BD48E02A7EFB69C /* PBXTargetDependency */ = {
			isa = PBXTargetDependency;
			name = Sentinel;
			target = E8C537412F6E9DBA001637AB /* Sentinel */;
			targetProxy = 0E891589CB146DD242137EBD /* PBXContainerItemProxy */;
		};
/* End PBXTargetDependency section */

/* Begin XCBuildConfiguration section */
		B4887F56D434616C63925D5D /* Release */ = {
			isa = XCBuildConfiguration;
			buildSettings = {
				BUNDLE_LOADER = "$(TEST_HOST)";
				CLANG_ENABLE_OBJC_WEAK = NO;
				GENERATE_INFOPLIST_FILE = YES;
				IPHONEOS_DEPLOYMENT_TARGET = 26.2;
				PRODUCT_BUNDLE_IDENTIFIER = com.trofimpetyanov.SentinelTests;
				PRODUCT_NAME = "$(TARGET_NAME)";
				SDKROOT = auto;
				SUPPORTED_PLATFORMS = "iphoneos iphonesimulator";
				SWIFT_EMIT_LOC_STRINGS = NO;
				SWIFT_VERSION = 6.0;
				TARGETED_DEVICE_FAMILY = 1;
				TEST_HOST = "$(BUILT_PRODUCTS_DIR)/Sentinel.app/Sentinel";
				TEST_TARGET_NAME = Sentinel;
				VALIDATE_PRODUCT = YES;
			};
			name = Release;
		};
		E8C5374B2F6E9DBB001637AB /* Debug */ = {
			isa = XCBuildConfiguration;
			buildSettings = {
				ALWAYS_SEARCH_USER_PATHS = NO;
				ASSETCATALOG_COMPILER_GENERATE_SWIFT_ASSET_SYMBOL_EXTENSIONS = YES;
				CLANG_ANALYZER_NONNULL = YES;
				CLANG_ANALYZER_NUMBER_OBJECT_CONVERSION = YES_AGGRESSIVE;
				CLANG_CXX_LANGUAGE_STANDARD = "gnu++20";
				CLANG_ENABLE_MODULES = YES;
				CLANG_ENABLE_OBJC_ARC = YES;
				CLANG_ENABLE_OBJC_WEAK = YES;
				CLANG_WARN_BLOCK_CAPTURE_AUTORELEASING = YES;
				CLANG_WARN_BOOL_CONVERSION = YES;
				CLANG_WARN_COMMA = YES;
				CLANG_WARN_CONSTANT_CONVERSION = YES;
				CLANG_WARN_DEPRECATED_OBJC_IMPLEMENTATIONS = YES;
				CLANG_WARN_DIRECT_OBJC_ISA_USAGE = YES_ERROR;
				CLANG_WARN_DOCUMENTATION_COMMENTS = YES;
				CLANG_WARN_EMPTY_BODY = YES;
				CLANG_WARN_ENUM_CONVERSION = YES;
				CLANG_WARN_INFINITE_RECURSION = YES;
				CLANG_WARN_INT_CONVERSION = YES;
				CLANG_WARN_NON_LITERAL_NULL_CONVERSION = YES;
				CLANG_WARN_OBJC_IMPLICIT_RETAIN_SELF = YES;
				CLANG_WARN_OBJC_LITERAL_CONVERSION = YES;
				CLANG_WARN_OBJC_ROOT_CLASS = YES_ERROR;
				CLANG_WARN_QUOTED_INCLUDE_IN_FRAMEWORK_HEADER = YES;
				CLANG_WARN_RANGE_LOOP_ANALYSIS = YES;
				CLANG_WARN_STRICT_PROTOTYPES = YES;
				CLANG_WARN_SUSPICIOUS_MOVE = YES;
				CLANG_WARN_UNGUARDED_AVAILABILITY = YES_AGGRESSIVE;
				CLANG_WARN_UNREACHABLE_CODE = YES;
				CLANG_WARN__DUPLICATE_METHOD_MATCH = YES;
				COPY_PHASE_STRIP = NO;
				DEBUG_INFORMATION_FORMAT = dwarf;
				DEVELOPMENT_TEAM = 2Z58X67VS2;
				ENABLE_STRICT_OBJC_MSGSEND = YES;
				ENABLE_TESTABILITY = YES;
				ENABLE_USER_SCRIPT_SANDBOXING = YES;
				GCC_C_LANGUAGE_STANDARD = gnu17;
				GCC_DYNAMIC_NO_PIC = NO;
				GCC_NO_COMMON_BLOCKS = YES;
				GCC_OPTIMIZATION_LEVEL = 0;
				GCC_PREPROCESSOR_DEFINITIONS = (
					"DEBUG=1",
					"$(inherited)",
				);
				GCC_WARN_64_TO_32_BIT_CONVERSION = YES;
				GCC_WARN_ABOUT_RETURN_TYPE = YES_ERROR;
				GCC_WARN_UNDECLARED_SELECTOR = YES;
				GCC_WARN_UNINITIALIZED_AUTOS = YES_AGGRESSIVE;
				GCC_WARN_UNUSED_FUNCTION = YES;
				GCC_WARN_UNUSED_VARIABLE = YES;
				LOCALIZATION_PREFERS_STRING_CATALOGS = YES;
				MTL_ENABLE_DEBUG_INFO = INCLUDE_SOURCE;
				MTL_FAST_MATH = YES;
				ONLY_ACTIVE_ARCH = YES;
				SWIFT_ACTIVE_COMPILATION_CONDITIONS = "DEBUG $(inherited)";
				SWIFT_OPTIMIZATION_LEVEL = "-Onone";
				SWIFT_VERSION = 6.0;
			};
			name = Debug;
		};
		E8C5374C2F6E9DBB001637AB /* Release */ = {
			isa = XCBuildConfiguration;
			buildSettings = {
				ALWAYS_SEARCH_USER_PATHS = NO;
				ASSETCATALOG_COMPILER_GENERATE_SWIFT_ASSET_SYMBOL_EXTENSIONS = YES;
				CLANG_ANALYZER_NONNULL = YES;
				CLANG_ANALYZER_NUMBER_OBJECT_CONVERSION = YES_AGGRESSIVE;
				CLANG_CXX_LANGUAGE_STANDARD = "gnu++20";
				CLANG_ENABLE_MODULES = YES;
				CLANG_ENABLE_OBJC_ARC = YES;
				CLANG_ENABLE_OBJC_WEAK = YES;
				CLANG_WARN_BLOCK_CAPTURE_AUTORELEASING = YES;
				CLANG_WARN_BOOL_CONVERSION = YES;
				CLANG_WARN_COMMA = YES;
				CLANG_WARN_CONSTANT_CONVERSION = YES;
				CLANG_WARN_DEPRECATED_OBJC_IMPLEMENTATIONS = YES;
				CLANG_WARN_DIRECT_OBJC_ISA_USAGE = YES_ERROR;
				CLANG_WARN_DOCUMENTATION_COMMENTS = YES;
				CLANG_WARN_EMPTY_BODY = YES;
				CLANG_WARN_ENUM_CONVERSION = YES;
				CLANG_WARN_INFINITE_RECURSION = YES;
				CLANG_WARN_INT_CONVERSION = YES;
				CLANG_WARN_NON_LITERAL_NULL_CONVERSION = YES;
				CLANG_WARN_OBJC_IMPLICIT_RETAIN_SELF = YES;
				CLANG_WARN_OBJC_LITERAL_CONVERSION = YES;
				CLANG_WARN_OBJC_ROOT_CLASS = YES_ERROR;
				CLANG_WARN_QUOTED_INCLUDE_IN_FRAMEWORK_HEADER = YES;
				CLANG_WARN_RANGE_LOOP_ANALYSIS = YES;
				CLANG_WARN_STRICT_PROTOTYPES = YES;
				CLANG_WARN_SUSPICIOUS_MOVE = YES;
				CLANG_WARN_UNGUARDED_AVAILABILITY = YES_AGGRESSIVE;
				CLANG_WARN_UNREACHABLE_CODE = YES;
				CLANG_WARN__DUPLICATE_METHOD_MATCH = YES;
				COPY_PHASE_STRIP = NO;
				DEBUG_INFORMATION_FORMAT = "dwarf-with-dsym";
				DEVELOPMENT_TEAM = 2Z58X67VS2;
				ENABLE_NS_ASSERTIONS = NO;
				ENABLE_STRICT_OBJC_MSGSEND = YES;
				ENABLE_USER_SCRIPT_SANDBOXING = YES;
				GCC_C_LANGUAGE_STANDARD = gnu17;
				GCC_NO_COMMON_BLOCKS = YES;
				GCC_WARN_64_TO_32_BIT_CONVERSION = YES;
				GCC_WARN_ABOUT_RETURN_TYPE = YES_ERROR;
				GCC_WARN_UNDECLARED_SELECTOR = YES;
				GCC_WARN_UNINITIALIZED_AUTOS = YES_AGGRESSIVE;
				GCC_WARN_UNUSED_FUNCTION = YES;
				GCC_WARN_UNUSED_VARIABLE = YES;
				LOCALIZATION_PREFERS_STRING_CATALOGS = YES;
				MTL_ENABLE_DEBUG_INFO = NO;
				MTL_FAST_MATH = YES;
				SWIFT_COMPILATION_MODE = wholemodule;
				SWIFT_VERSION = 6.0;
			};
			name = Release;
		};
		E8C5374E2F6E9DBB001637AB /* Debug */ = {
			isa = XCBuildConfiguration;
			buildSettings = {
				ASSETCATALOG_COMPILER_APPICON_NAME = AppIcon;
				ASSETCATALOG_COMPILER_GLOBAL_ACCENT_COLOR_NAME = AccentColor;
				CODE_SIGN_STYLE = Automatic;
				CURRENT_PROJECT_VERSION = 1;
				DEVELOPMENT_TEAM = 2Z58X67VS2;
				ENABLE_PREVIEWS = YES;
				ENABLE_USER_SELECTED_FILES = readonly;
				GENERATE_INFOPLIST_FILE = YES;
				INFOPLIST_KEY_NSCalendarsFullAccessUsageDescription = "Sentinel needs calendar access to read your schedule and save accepted event suggestions.";
				"INFOPLIST_KEY_NSCalendarsFullAccessUsageDescription[sdk=iphoneos*]" = "Sentinel needs calendar access to read your schedule and save accepted event suggestions.";
				"INFOPLIST_KEY_NSCalendarsFullAccessUsageDescription[sdk=iphonesimulator*]" = "Sentinel needs calendar access to read your schedule and save accepted event suggestions.";
				INFOPLIST_KEY_NSCameraUsageDescription = "Sentinel needs camera access so you can capture images to send in chat.";
				"INFOPLIST_KEY_NSCameraUsageDescription[sdk=iphoneos*]" = "Sentinel needs camera access so you can capture images to send in chat.";
				"INFOPLIST_KEY_NSCameraUsageDescription[sdk=iphonesimulator*]" = "Sentinel needs camera access so you can capture images to send in chat.";
				INFOPLIST_KEY_NSPhotoLibraryUsageDescription = "Sentinel needs photo library access so you can attach recent images and pick photos in chat.";
				"INFOPLIST_KEY_NSPhotoLibraryUsageDescription[sdk=iphoneos*]" = "Sentinel needs photo library access so you can attach recent images and pick photos in chat.";
				"INFOPLIST_KEY_NSPhotoLibraryUsageDescription[sdk=iphonesimulator*]" = "Sentinel needs photo library access so you can attach recent images and pick photos in chat.";
				"INFOPLIST_KEY_UIApplicationSceneManifest_Generation[sdk=iphoneos*]" = YES;
				"INFOPLIST_KEY_UIApplicationSceneManifest_Generation[sdk=iphonesimulator*]" = YES;
				"INFOPLIST_KEY_UIApplicationSupportsIndirectInputEvents[sdk=iphoneos*]" = YES;
				"INFOPLIST_KEY_UIApplicationSupportsIndirectInputEvents[sdk=iphonesimulator*]" = YES;
				"INFOPLIST_KEY_UILaunchScreen_Generation[sdk=iphoneos*]" = YES;
				"INFOPLIST_KEY_UILaunchScreen_Generation[sdk=iphonesimulator*]" = YES;
				"INFOPLIST_KEY_UIStatusBarStyle[sdk=iphoneos*]" = UIStatusBarStyleDefault;
				"INFOPLIST_KEY_UIStatusBarStyle[sdk=iphonesimulator*]" = UIStatusBarStyleDefault;
				INFOPLIST_KEY_UISupportedInterfaceOrientations_iPad = "UIInterfaceOrientationPortrait UIInterfaceOrientationPortraitUpsideDown UIInterfaceOrientationLandscapeLeft UIInterfaceOrientationLandscapeRight";
				INFOPLIST_KEY_UISupportedInterfaceOrientations_iPhone = "UIInterfaceOrientationPortrait UIInterfaceOrientationLandscapeLeft UIInterfaceOrientationLandscapeRight";
				IPHONEOS_DEPLOYMENT_TARGET = 26.2;
				LD_RUNPATH_SEARCH_PATHS = "@executable_path/Frameworks";
				MARKETING_VERSION = 1.0;
				PRODUCT_BUNDLE_IDENTIFIER = com.trofimpetyanov.Sentinel;
				PRODUCT_NAME = "$(TARGET_NAME)";
				REGISTER_APP_GROUPS = YES;
				SDKROOT = auto;
				STRING_CATALOG_GENERATE_SYMBOLS = YES;
				SUPPORTED_PLATFORMS = "iphoneos iphonesimulator";
				SUPPORTS_MACCATALYST = NO;
				SUPPORTS_MAC_DESIGNED_FOR_IPHONE_IPAD = NO;
				SUPPORTS_XR_DESIGNED_FOR_IPHONE_IPAD = NO;
				SWIFT_APPROACHABLE_CONCURRENCY = YES;
				SWIFT_DEFAULT_ACTOR_ISOLATION = MainActor;
				SWIFT_EMIT_LOC_STRINGS = YES;
				SWIFT_ENABLE_EXPLICIT_MODULES = NO;
				SWIFT_UPCOMING_FEATURE_MEMBER_IMPORT_VISIBILITY = YES;
				SWIFT_VERSION = 6.0;
				TARGETED_DEVICE_FAMILY = 1;
			};
			name = Debug;
		};
		E8C5374F2F6E9DBB001637AB /* Release */ = {
			isa = XCBuildConfiguration;
			buildSettings = {
				ASSETCATALOG_COMPILER_APPICON_NAME = AppIcon;
				ASSETCATALOG_COMPILER_GLOBAL_ACCENT_COLOR_NAME = AccentColor;
				CODE_SIGN_STYLE = Automatic;
				CURRENT_PROJECT_VERSION = 1;
				DEVELOPMENT_TEAM = 2Z58X67VS2;
				ENABLE_PREVIEWS = YES;
				ENABLE_USER_SELECTED_FILES = readonly;
				GENERATE_INFOPLIST_FILE = YES;
				INFOPLIST_KEY_NSCalendarsFullAccessUsageDescription = "Sentinel needs calendar access to read your schedule and save accepted event suggestions.";
				"INFOPLIST_KEY_NSCalendarsFullAccessUsageDescription[sdk=iphoneos*]" = "Sentinel needs calendar access to read your schedule and save accepted event suggestions.";
				"INFOPLIST_KEY_NSCalendarsFullAccessUsageDescription[sdk=iphonesimulator*]" = "Sentinel needs calendar access to read your schedule and save accepted event suggestions.";
				INFOPLIST_KEY_NSCameraUsageDescription = "Sentinel needs camera access so you can capture images to send in chat.";
				"INFOPLIST_KEY_NSCameraUsageDescription[sdk=iphoneos*]" = "Sentinel needs camera access so you can capture images to send in chat.";
				"INFOPLIST_KEY_NSCameraUsageDescription[sdk=iphonesimulator*]" = "Sentinel needs camera access so you can capture images to send in chat.";
				INFOPLIST_KEY_NSPhotoLibraryUsageDescription = "Sentinel needs photo library access so you can attach recent images and pick photos in chat.";
				"INFOPLIST_KEY_NSPhotoLibraryUsageDescription[sdk=iphoneos*]" = "Sentinel needs photo library access so you can attach recent images and pick photos in chat.";
				"INFOPLIST_KEY_NSPhotoLibraryUsageDescription[sdk=iphonesimulator*]" = "Sentinel needs photo library access so you can attach recent images and pick photos in chat.";
				"INFOPLIST_KEY_UIApplicationSceneManifest_Generation[sdk=iphoneos*]" = YES;
				"INFOPLIST_KEY_UIApplicationSceneManifest_Generation[sdk=iphonesimulator*]" = YES;
				"INFOPLIST_KEY_UIApplicationSupportsIndirectInputEvents[sdk=iphoneos*]" = YES;
				"INFOPLIST_KEY_UIApplicationSupportsIndirectInputEvents[sdk=iphonesimulator*]" = YES;
				"INFOPLIST_KEY_UILaunchScreen_Generation[sdk=iphoneos*]" = YES;
				"INFOPLIST_KEY_UILaunchScreen_Generation[sdk=iphonesimulator*]" = YES;
				"INFOPLIST_KEY_UIStatusBarStyle[sdk=iphoneos*]" = UIStatusBarStyleDefault;
				"INFOPLIST_KEY_UIStatusBarStyle[sdk=iphonesimulator*]" = UIStatusBarStyleDefault;
				INFOPLIST_KEY_UISupportedInterfaceOrientations_iPad = "UIInterfaceOrientationPortrait UIInterfaceOrientationPortraitUpsideDown UIInterfaceOrientationLandscapeLeft UIInterfaceOrientationLandscapeRight";
				INFOPLIST_KEY_UISupportedInterfaceOrientations_iPhone = "UIInterfaceOrientationPortrait UIInterfaceOrientationLandscapeLeft UIInterfaceOrientationLandscapeRight";
				IPHONEOS_DEPLOYMENT_TARGET = 26.2;
				LD_RUNPATH_SEARCH_PATHS = "@executable_path/Frameworks";
				MARKETING_VERSION = 1.0;
				PRODUCT_BUNDLE_IDENTIFIER = com.trofimpetyanov.Sentinel;
				PRODUCT_NAME = "$(TARGET_NAME)";
				REGISTER_APP_GROUPS = YES;
				SDKROOT = iphoneos;
				STRING_CATALOG_GENERATE_SYMBOLS = YES;
				SUPPORTED_PLATFORMS = "iphoneos iphonesimulator";
				SUPPORTS_MACCATALYST = NO;
				SUPPORTS_MAC_DESIGNED_FOR_IPHONE_IPAD = NO;
				SUPPORTS_XR_DESIGNED_FOR_IPHONE_IPAD = NO;
				SWIFT_APPROACHABLE_CONCURRENCY = YES;
				SWIFT_DEFAULT_ACTOR_ISOLATION = MainActor;
				SWIFT_EMIT_LOC_STRINGS = YES;
				SWIFT_ENABLE_EXPLICIT_MODULES = NO;
				SWIFT_UPCOMING_FEATURE_MEMBER_IMPORT_VISIBILITY = YES;
				SWIFT_VERSION = 6.0;
				TARGETED_DEVICE_FAMILY = 1;
			};
			name = Release;
		};
		F9502DF34BEEB0780822F8A1 /* Debug */ = {
			isa = XCBuildConfiguration;
			buildSettings = {
				BUNDLE_LOADER = "$(TEST_HOST)";
				CLANG_ENABLE_OBJC_WEAK = NO;
				GENERATE_INFOPLIST_FILE = YES;
				IPHONEOS_DEPLOYMENT_TARGET = 26.2;
				PRODUCT_BUNDLE_IDENTIFIER = com.trofimpetyanov.SentinelTests;
				PRODUCT_NAME = "$(TARGET_NAME)";
				SDKROOT = auto;
				SUPPORTED_PLATFORMS = "iphoneos iphonesimulator";
				SWIFT_EMIT_LOC_STRINGS = NO;
				SWIFT_VERSION = 6.0;
				TARGETED_DEVICE_FAMILY = 1;
				TEST_HOST = "$(BUILT_PRODUCTS_DIR)/Sentinel.app/Sentinel";
				TEST_TARGET_NAME = Sentinel;
			};
			name = Debug;
		};
/* End XCBuildConfiguration section */

/* Begin XCConfigurationList section */
		2C9966C68AAF707D60A4760A /* Build configuration list for PBXNativeTarget "SentinelTests" */ = {
			isa = XCConfigurationList;
			buildConfigurations = (
				B4887F56D434616C63925D5D /* Release */,
				F9502DF34BEEB0780822F8A1 /* Debug */,
			);
			defaultConfigurationIsVisible = 0;
			defaultConfigurationName = Release;
		};
		E8C5373D2F6E9DBA001637AB /* Build configuration list for PBXProject "Sentinel" */ = {
			isa = XCConfigurationList;
			buildConfigurations = (
				E8C5374B2F6E9DBB001637AB /* Debug */,
				E8C5374C2F6E9DBB001637AB /* Release */,
			);
			defaultConfigurationIsVisible = 0;
			defaultConfigurationName = Release;
		};
		E8C5374D2F6E9DBB001637AB /* Build configuration list for PBXNativeTarget "Sentinel" */ = {
			isa = XCConfigurationList;
			buildConfigurations = (
				E8C5374E2F6E9DBB001637AB /* Debug */,
				E8C5374F2F6E9DBB001637AB /* Release */,
			);
			defaultConfigurationIsVisible = 0;
			defaultConfigurationName = Release;
		};
/* End XCConfigurationList section */

/* Begin XCLocalSwiftPackageReference section */
		A1B2C3D4E5F6012345678901 /* XCLocalSwiftPackageReference "Packages" */ = {
			isa = XCLocalSwiftPackageReference;
			relativePath = Packages;
		};
/* End XCLocalSwiftPackageReference section */

/* Begin XCRemoteSwiftPackageReference section */
		12A315C09E82B7EFA3401C0B /* XCRemoteSwiftPackageReference "swift-composable-architecture" */ = {
			isa = XCRemoteSwiftPackageReference;
			repositoryURL = "https://github.com/pointfreeco/swift-composable-architecture";
			requirement = {
				kind = upToNextMajorVersion;
				minimumVersion = 1.25.2;
			};
		};
/* End XCRemoteSwiftPackageReference section */

/* Begin XCSwiftPackageProductDependency section */
		A1B2C3D4E5F6012345678902 /* SentinelUI */ = {
			isa = XCSwiftPackageProductDependency;
			package = A1B2C3D4E5F6012345678901 /* XCLocalSwiftPackageReference "Packages" */;
			productName = SentinelUI;
		};
		A1B2C3D4E5F6012345678905 /* SentinelCore */ = {
			isa = XCSwiftPackageProductDependency;
			package = A1B2C3D4E5F6012345678901 /* XCLocalSwiftPackageReference "Packages" */;
			productName = SentinelCore;
		};
		A1B2C3D4E5F6012345678907 /* SentinelPlatformiOS */ = {
			isa = XCSwiftPackageProductDependency;
			package = A1B2C3D4E5F6012345678901 /* XCLocalSwiftPackageReference "Packages" */;
			productName = SentinelPlatformiOS;
		};
		A48611AB79F1B048159E4359 /* ComposableArchitecture */ = {
			isa = XCSwiftPackageProductDependency;
			package = 12A315C09E82B7EFA3401C0B /* XCRemoteSwiftPackageReference "swift-composable-architecture" */;
			productName = ComposableArchitecture;
		};
/* End XCSwiftPackageProductDependency section */
	};
	rootObject = E8C5373A2F6E9DBA001637AB /* Project object */;
}
